// !$*UTF8*$!
{
	archiveVersion = 1;
	classes = {
	};
	objectVersion = 50;
	objects = {

/* Begin PBXBuildFile section */
		5A69159822CDFECC0031A4CE /* AppDelegate.swift in Sources */ = {isa = PBXBuildFile; fileRef = 5A69159722CDFECC0031A4CE /* AppDelegate.swift */; };
		5A69159A22CDFECC0031A4CE /* ViewController.swift in Sources */ = {isa = PBXBuildFile; fileRef = 5A69159922CDFECC0031A4CE /* ViewController.swift */; };
		5A69159D22CDFECC0031A4CE /* Main.storyboard in Resources */ = {isa = PBXBuildFile; fileRef = 5A69159B22CDFECC0031A4CE /* Main.storyboard */; };
		5A69159F22CDFECD0031A4CE /* Assets.xcassets in Resources */ = {isa = PBXBuildFile; fileRef = 5A69159E22CDFECD0031A4CE /* Assets.xcassets */; };
		5A6915A222CDFECD0031A4CE /* LaunchScreen.storyboard in Resources */ = {isa = PBXBuildFile; fileRef = 5A6915A022CDFECD0031A4CE /* LaunchScreen.storyboard */; };
		D949F9D1335EC32A30DCCE61 /* Pods_VideoIdentApp.framework in Frameworks */ = {isa = PBXBuildFile; fileRef = 707441272B65B2F153A45D28 /* Pods_VideoIdentApp.framework */; };
/* End PBXBuildFile section */

/* Begin PBXFileReference section */
		3717EA0533F4A67FB1A85F17 /* Pods-VideoIdentApp.debug.xcconfig */ = {isa = PBXFileReference; includeInIndex = 1; lastKnownFileType = text.xcconfig; name = "Pods-VideoIdentApp.debug.xcconfig"; path = "Pods/Target Support Files/Pods-VideoIdentApp/Pods-VideoIdentApp.debug.xcconfig"; sourceTree = "<group>"; };
		38407A0C16493A901B87CE58 /* Pods-VideoIdentApp.release.xcconfig */ = {isa = PBXFileReference; includeInIndex = 1; lastKnownFileType = text.xcconfig; name = "Pods-VideoIdentApp.release.xcconfig"; path = "Pods/Target Support Files/Pods-VideoIdentApp/Pods-VideoIdentApp.release.xcconfig"; sourceTree = "<group>"; };
		5A69159422CDFECC0031A4CE /* VideoIdentApp.app */ = {isa = PBXFileReference; explicitFileType = wrapper.application; includeInIndex = 0; path = VideoIdentApp.app; sourceTree = BUILT_PRODUCTS_DIR; };
		5A69159722CDFECC0031A4CE /* AppDelegate.swift */ = {isa = PBXFileReference; lastKnownFileType = sourcecode.swift; path = AppDelegate.swift; sourceTree = "<group>"; };
		5A69159922CDFECC0031A4CE /* ViewController.swift */ = {isa = PBXFileReference; lastKnownFileType = sourcecode.swift; path = ViewController.swift; sourceTree = "<group>"; };
		5A69159C22CDFECC0031A4CE /* Base */ = {isa = PBXFileReference; lastKnownFileType = file.storyboard; name = Base; path = Base.lproj/Main.storyboard; sourceTree = "<group>"; };
		5A69159E22CDFECD0031A4CE /* Assets.xcassets */ = {isa = PBXFileReference; lastKnownFileType = folder.assetcatalog; path = Assets.xcassets; sourceTree = "<group>"; };
		5A6915A122CDFECD0031A4CE /* Base */ = {isa = PBXFileReference; lastKnownFileType = file.storyboard; name = Base; path = Base.lproj/LaunchScreen.storyboard; sourceTree = "<group>"; };
		5A6915A322CDFECD0031A4CE /* Info.plist */ = {isa = PBXFileReference; lastKnownFileType = text.plist.xml; path = Info.plist; sourceTree = "<group>"; };
		707441272B65B2F153A45D28 /* Pods_VideoIdentApp.framework */ = {isa = PBXFileReference; explicitFileType = wrapper.framework; includeInIndex = 0; path = Pods_VideoIdentApp.framework; sourceTree = BUILT_PRODUCTS_DIR; };
/* End PBXFileReference section */

/* Begin PBXFrameworksBuildPhase section */
		5A69159122CDFECC0031A4CE /* Frameworks */ = {
			isa = PBXFrameworksBuildPhase;
			buildActionMask = 2147483647;
			files = (
				D949F9D1335EC32A30DCCE61 /* Pods_VideoIdentApp.framework in Frameworks */,
			);
			runOnlyForDeploymentPostprocessing = 0;
		};
/* End PBXFrameworksBuildPhase section */

/* Begin PBXGroup section */
		20EFF2B1AE6F438D5584B612 /* Frameworks */ = {
			isa = PBXGroup;
			children = (
				707441272B65B2F153A45D28 /* Pods_VideoIdentApp.framework */,
			);
			name = Frameworks;
			sourceTree = "<group>";
		};
		5A69158B22CDFECC0031A4CE = {
			isa = PBXGroup;
			children = (
				5A69159622CDFECC0031A4CE /* VideoIdentApp */,
				5A69159522CDFECC0031A4CE /* Products */,
				8D443B52EFE5CA639C03FE52 /* Pods */,
				20EFF2B1AE6F438D5584B612 /* Frameworks */,
			);
			sourceTree = "<group>";
		};
		5A69159522CDFECC0031A4CE /* Products */ = {
			isa = PBXGroup;
			children = (
				5A69159422CDFECC0031A4CE /* VideoIdentApp.app */,
			);
			name = Products;
			sourceTree = "<group>";
		};
		5A69159622CDFECC0031A4CE /* VideoIdentApp */ = {
			isa = PBXGroup;
			children = (
				5A69159722CDFECC0031A4CE /* AppDelegate.swift */,
				5A69159922CDFECC0031A4CE /* ViewController.swift */,
				5A69159B22CDFECC0031A4CE /* Main.storyboard */,
				5A69159E22CDFECD0031A4CE /* Assets.xcassets */,
				5A6915A022CDFECD0031A4CE /* LaunchScreen.storyboard */,
				5A6915A322CDFECD0031A4CE /* Info.plist */,
			);
			path = VideoIdentApp;
			sourceTree = "<group>";
		};
		8D443B52EFE5CA639C03FE52 /* Pods */ = {
			isa = PBXGroup;
			children = (
				3717EA0533F4A67FB1A85F17 /* Pods-VideoIdentApp.debug.xcconfig */,
				38407A0C16493A901B87CE58 /* Pods-VideoIdentApp.release.xcconfig */,
			);
			name = Pods;
			sourceTree = "<group>";
		};
/* End PBXGroup section */

/* Begin PBXNativeTarget section */
		5A69159322CDFECC0031A4CE /* VideoIdentApp */ = {
			isa = PBXNativeTarget;
			buildConfigurationList = 5A6915A622CDFECD0031A4CE /* Build configuration list for PBXNativeTarget "VideoIdentApp" */;
			buildPhases = (
				2AB338D9D92C46EC451E8D4C /* [CP] Check Pods Manifest.lock */,
				5A69159022CDFECC0031A4CE /* Sources */,
				5A69159122CDFECC0031A4CE /* Frameworks */,
				5A69159222CDFECC0031A4CE /* Resources */,
				ADC8ADF639C40BC06341E79A /* [CP] Embed Pods Frameworks */,
				F7BD88949D74A918C9752651 /* [CP] Copy Pods Resources */,
			);
			buildRules = (
			);
			dependencies = (
			);
			name = VideoIdentApp;
			productName = VideoIdentApp;
			productReference = 5A69159422CDFECC0031A4CE /* VideoIdentApp.app */;
			productType = "com.apple.product-type.application";
		};
/* End PBXNativeTarget section */

/* Begin PBXProject section */
		5A69158C22CDFECC0031A4CE /* Project object */ = {
			isa = PBXProject;
			attributes = {
				LastSwiftUpdateCheck = 1010;
				LastUpgradeCheck = 1010;
				ORGANIZATIONNAME = IDnow;
				TargetAttributes = {
					5A69159322CDFECC0031A4CE = {
						CreatedOnToolsVersion = 10.1;
					};
				};
			};
			buildConfigurationList = 5A69158F22CDFECC0031A4CE /* Build configuration list for PBXProject "VideoIdentApp" */;
			compatibilityVersion = "Xcode 9.3";
			developmentRegion = en;
			hasScannedForEncodings = 0;
			knownRegions = (
				en,
				Base,
			);
			mainGroup = 5A69158B22CDFECC0031A4CE;
			productRefGroup = 5A69159522CDFECC0031A4CE /* Products */;
			projectDirPath = "";
			projectRoot = "";
			targets = (
				5A69159322CDFECC0031A4CE /* VideoIdentApp */,
			);
		};
/* End PBXProject section */

/* Begin PBXResourcesBuildPhase section */
		5A69159222CDFECC0031A4CE /* Resources */ = {
			isa = PBXResourcesBuildPhase;
			buildActionMask = 2147483647;
			files = (
				5A6915A222CDFECD0031A4CE /* LaunchScreen.storyboard in Resources */,
				5A69159F22CDFECD0031A4CE /* Assets.xcassets in Resources */,
				5A69159D22CDFECC0031A4CE /* Main.storyboard in Resources */,
			);
			runOnlyForDeploymentPostprocessing = 0;
		};
/* End PBXResourcesBuildPhase section */

/* Begin PBXShellScriptBuildPhase section */
		2AB338D9D92C46EC451E8D4C /* [CP] Check Pods Manifest.lock */ = {
			isa = PBXShellScriptBuildPhase;
			buildActionMask = 2147483647;
			files = (
			);
			inputFileListPaths = (
			);
			inputPaths = (
				"${PODS_PODFILE_DIR_PATH}/Podfile.lock",
				"${PODS_ROOT}/Manifest.lock",
			);
			name = "[CP] Check Pods Manifest.lock";
			outputFileListPaths = (
			);
			outputPaths = (
				"$(DERIVED_FILE_DIR)/Pods-VideoIdentApp-checkManifestLockResult.txt",
			);
			runOnlyForDeploymentPostprocessing = 0;
			shellPath = /bin/sh;
			shellScript = "diff \"${PODS_PODFILE_DIR_PATH}/Podfile.lock\" \"${PODS_ROOT}/Manifest.lock\" > /dev/null\nif [ $? != 0 ] ; then\n    # print error to STDERR\n    echo \"error: The sandbox is not in sync with the Podfile.lock. Run 'pod install' or update your CocoaPods installation.\" >&2\n    exit 1\nfi\n# This output is used by Xcode 'outputs' to avoid re-running this script phase.\necho \"SUCCESS\" > \"${SCRIPT_OUTPUT_FILE_0}\"\n";
			showEnvVarsInLog = 0;
		};
		ADC8ADF639C40BC06341E79A /* [CP] Embed Pods Frameworks */ = {
			isa = PBXShellScriptBuildPhase;
			buildActionMask = 2147483647;
			files = (
			);
			inputFileListPaths = (
			);
			inputPaths = (
				"${SRCROOT}/Pods/Target Support Files/Pods-VideoIdentApp/Pods-VideoIdentApp-frameworks.sh",
				"${BUILT_PRODUCTS_DIR}/AFNetworking/AFNetworking.framework",
				"${BUILT_PRODUCTS_DIR}/FLAnimatedImage/FLAnimatedImage.framework",
				"${BUILT_PRODUCTS_DIR}/Masonry/Masonry.framework",
				"${BUILT_PRODUCTS_DIR}/Sentry/Sentry.framework",
				"${BUILT_PRODUCTS_DIR}/SocketRocket/SocketRocket.framework",
				"${BUILT_PRODUCTS_DIR}/libPhoneNumber-iOS/libPhoneNumber_iOS.framework",
			);
			name = "[CP] Embed Pods Frameworks";
			outputFileListPaths = (
			);
			outputPaths = (
				"${TARGET_BUILD_DIR}/${FRAMEWORKS_FOLDER_PATH}/AFNetworking.framework",
				"${TARGET_BUILD_DIR}/${FRAMEWORKS_FOLDER_PATH}/FLAnimatedImage.framework",
				"${TARGET_BUILD_DIR}/${FRAMEWORKS_FOLDER_PATH}/Masonry.framework",
				"${TARGET_BUILD_DIR}/${FRAMEWORKS_FOLDER_PATH}/Sentry.framework",
				"${TARGET_BUILD_DIR}/${FRAMEWORKS_FOLDER_PATH}/SocketRocket.framework",
				"${TARGET_BUILD_DIR}/${FRAMEWORKS_FOLDER_PATH}/libPhoneNumber_iOS.framework",
			);
			runOnlyForDeploymentPostprocessing = 0;
			shellPath = /bin/sh;
			shellScript = "\"${SRCROOT}/Pods/Target Support Files/Pods-VideoIdentApp/Pods-VideoIdentApp-frameworks.sh\"\n";
			showEnvVarsInLog = 0;
		};
		F7BD88949D74A918C9752651 /* [CP] Copy Pods Resources */ = {
			isa = PBXShellScriptBuildPhase;
			buildActionMask = 2147483647;
			files = (
			);
			inputFileListPaths = (
			);
			inputPaths = (
				"${SRCROOT}/Pods/Target Support Files/Pods-VideoIdentApp/Pods-VideoIdentApp-resources.sh",
				"${PODS_ROOT}/IDnowSDK/idnow-sdk/resources/idn-helper-DRIVERS_LICENSE-IDBACKSIDE@2x.jpg",
				"${PODS_ROOT}/IDnowSDK/idnow-sdk/resources/idn-helper-DRIVERS_LICENSE-IDBACKSIDE@3x.jpg",
				"${PODS_ROOT}/IDnowSDK/idnow-sdk/resources/idn-helper-DRIVERS_LICENSE-IDFRONTSIDE@2x.jpg",
				"${PODS_ROOT}/IDnowSDK/idnow-sdk/resources/idn-helper-DRIVERS_LICENSE-IDFRONTSIDE@3x.jpg",
				"${PODS_ROOT}/IDnowSDK/idnow-sdk/resources/idn-helper-DRIVERS_LICENSE-IDHOLOGRAMS@2x.jpg",
				"${PODS_ROOT}/IDnowSDK/idnow-sdk/resources/idn-helper-DRIVERS_LICENSE-IDHOLOGRAMS@3x.jpg",
				"${PODS_ROOT}/IDnowSDK/idnow-sdk/resources/idn-helper-FACESCREENSHOT@2x.jpg",
				"${PODS_ROOT}/IDnowSDK/idnow-sdk/resources/idn-helper-FACESCREENSHOT@3x.jpg",
				"${PODS_ROOT}/IDnowSDK/idnow-sdk/resources/idn-helper-IDCARD-IDBACKSIDE@2x.jpg",
				"${PODS_ROOT}/IDnowSDK/idnow-sdk/resources/idn-helper-IDCARD-IDBACKSIDE@3x.jpg",
				"${PODS_ROOT}/IDnowSDK/idnow-sdk/resources/idn-helper-IDCARD-IDFRONTSIDE@2x.jpg",
				"${PODS_ROOT}/IDnowSDK/idnow-sdk/resources/idn-helper-IDCARD-IDFRONTSIDE@3x.jpg",
				"${PODS_ROOT}/IDnowSDK/idnow-sdk/resources/idn-helper-IDCARD-IDHOLOGRAMS@2x.jpg",
				"${PODS_ROOT}/IDnowSDK/idnow-sdk/resources/idn-helper-IDCARD-IDHOLOGRAMS@3x.jpg",
				"${PODS_ROOT}/IDnowSDK/idnow-sdk/resources/idn-helper-PASSPORT-IDBACKSIDE@2x.jpg",
				"${PODS_ROOT}/IDnowSDK/idnow-sdk/resources/idn-helper-PASSPORT-IDBACKSIDE@3x.jpg",
				"${PODS_ROOT}/IDnowSDK/idnow-sdk/resources/idn-helper-PASSPORT-IDFRONTSIDE@2x.jpg",
				"${PODS_ROOT}/IDnowSDK/idnow-sdk/resources/idn-helper-PASSPORT-IDFRONTSIDE@3x.jpg",
				"${PODS_ROOT}/IDnowSDK/idnow-sdk/resources/idn-helper-PASSPORT-IDHOLOGRAMS@2x.jpg",
				"${PODS_ROOT}/IDnowSDK/idnow-sdk/resources/idn-helper-PASSPORT-IDHOLOGRAMS@3x.jpg",
				"${PODS_ROOT}/IDnowSDK/idnow-sdk/resources/idn-helper-RESIDENCE_PERMIT-IDBACKSIDE@2x.jpg",
				"${PODS_ROOT}/IDnowSDK/idnow-sdk/resources/idn-helper-RESIDENCE_PERMIT-IDBACKSIDE@3x.jpg",
				"${PODS_ROOT}/IDnowSDK/idnow-sdk/resources/idn-helper-RESIDENCE_PERMIT-IDFRONTSIDE@2x.jpg",
				"${PODS_ROOT}/IDnowSDK/idnow-sdk/resources/idn-helper-RESIDENCE_PERMIT-IDFRONTSIDE@3x.jpg",
				"${PODS_ROOT}/IDnowSDK/idnow-sdk/resources/idn-helper-RESIDENCE_PERMIT-IDHOLOGRAMS@2x.jpg",
				"${PODS_ROOT}/IDnowSDK/idnow-sdk/resources/idn-helper-RESIDENCE_PERMIT-IDHOLOGRAMS@3x.jpg",
				"${PODS_ROOT}/IDnowSDK/idnow-sdk/resources/IDnowImages.xcassets",
				"${PODS_ROOT}/IDnowSDK/idnow-sdk/resources/IDnowSDKLocalization.bundle",
			);
			name = "[CP] Copy Pods Resources";
			outputFileListPaths = (
			);
			outputPaths = (
				"${TARGET_BUILD_DIR}/${UNLOCALIZED_RESOURCES_FOLDER_PATH}/idn-helper-DRIVERS_LICENSE-IDBACKSIDE@2x.jpg",
				"${TARGET_BUILD_DIR}/${UNLOCALIZED_RESOURCES_FOLDER_PATH}/idn-helper-DRIVERS_LICENSE-IDBACKSIDE@3x.jpg",
				"${TARGET_BUILD_DIR}/${UNLOCALIZED_RESOURCES_FOLDER_PATH}/idn-helper-DRIVERS_LICENSE-IDFRONTSIDE@2x.jpg",
				"${TARGET_BUILD_DIR}/${UNLOCALIZED_RESOURCES_FOLDER_PATH}/idn-helper-DRIVERS_LICENSE-IDFRONTSIDE@3x.jpg",
				"${TARGET_BUILD_DIR}/${UNLOCALIZED_RESOURCES_FOLDER_PATH}/idn-helper-DRIVERS_LICENSE-IDHOLOGRAMS@2x.jpg",
				"${TARGET_BUILD_DIR}/${UNLOCALIZED_RESOURCES_FOLDER_PATH}/idn-helper-DRIVERS_LICENSE-IDHOLOGRAMS@3x.jpg",
				"${TARGET_BUILD_DIR}/${UNLOCALIZED_RESOURCES_FOLDER_PATH}/idn-helper-FACESCREENSHOT@2x.jpg",
				"${TARGET_BUILD_DIR}/${UNLOCALIZED_RESOURCES_FOLDER_PATH}/idn-helper-FACESCREENSHOT@3x.jpg",
				"${TARGET_BUILD_DIR}/${UNLOCALIZED_RESOURCES_FOLDER_PATH}/idn-helper-IDCARD-IDBACKSIDE@2x.jpg",
				"${TARGET_BUILD_DIR}/${UNLOCALIZED_RESOURCES_FOLDER_PATH}/idn-helper-IDCARD-IDBACKSIDE@3x.jpg",
				"${TARGET_BUILD_DIR}/${UNLOCALIZED_RESOURCES_FOLDER_PATH}/idn-helper-IDCARD-IDFRONTSIDE@2x.jpg",
				"${TARGET_BUILD_DIR}/${UNLOCALIZED_RESOURCES_FOLDER_PATH}/idn-helper-IDCARD-IDFRONTSIDE@3x.jpg",
				"${TARGET_BUILD_DIR}/${UNLOCALIZED_RESOURCES_FOLDER_PATH}/idn-helper-IDCARD-IDHOLOGRAMS@2x.jpg",
				"${TARGET_BUILD_DIR}/${UNLOCALIZED_RESOURCES_FOLDER_PATH}/idn-helper-IDCARD-IDHOLOGRAMS@3x.jpg",
				"${TARGET_BUILD_DIR}/${UNLOCALIZED_RESOURCES_FOLDER_PATH}/idn-helper-PASSPORT-IDBACKSIDE@2x.jpg",
				"${TARGET_BUILD_DIR}/${UNLOCALIZED_RESOURCES_FOLDER_PATH}/idn-helper-PASSPORT-IDBACKSIDE@3x.jpg",
				"${TARGET_BUILD_DIR}/${UNLOCALIZED_RESOURCES_FOLDER_PATH}/idn-helper-PASSPORT-IDFRONTSIDE@2x.jpg",
				"${TARGET_BUILD_DIR}/${UNLOCALIZED_RESOURCES_FOLDER_PATH}/idn-helper-PASSPORT-IDFRONTSIDE@3x.jpg",
				"${TARGET_BUILD_DIR}/${UNLOCALIZED_RESOURCES_FOLDER_PATH}/idn-helper-PASSPORT-IDHOLOGRAMS@2x.jpg",
				"${TARGET_BUILD_DIR}/${UNLOCALIZED_RESOURCES_FOLDER_PATH}/idn-helper-PASSPORT-IDHOLOGRAMS@3x.jpg",
				"${TARGET_BUILD_DIR}/${UNLOCALIZED_RESOURCES_FOLDER_PATH}/idn-helper-RESIDENCE_PERMIT-IDBACKSIDE@2x.jpg",
				"${TARGET_BUILD_DIR}/${UNLOCALIZED_RESOURCES_FOLDER_PATH}/idn-helper-RESIDENCE_PERMIT-IDBACKSIDE@3x.jpg",
				"${TARGET_BUILD_DIR}/${UNLOCALIZED_RESOURCES_FOLDER_PATH}/idn-helper-RESIDENCE_PERMIT-IDFRONTSIDE@2x.jpg",
				"${TARGET_BUILD_DIR}/${UNLOCALIZED_RESOURCES_FOLDER_PATH}/idn-helper-RESIDENCE_PERMIT-IDFRONTSIDE@3x.jpg",
				"${TARGET_BUILD_DIR}/${UNLOCALIZED_RESOURCES_FOLDER_PATH}/idn-helper-RESIDENCE_PERMIT-IDHOLOGRAMS@2x.jpg",
				"${TARGET_BUILD_DIR}/${UNLOCALIZED_RESOURCES_FOLDER_PATH}/idn-helper-RESIDENCE_PERMIT-IDHOLOGRAMS@3x.jpg",
				"${TARGET_BUILD_DIR}/${UNLOCALIZED_RESOURCES_FOLDER_PATH}/Assets.car",
				"${TARGET_BUILD_DIR}/${UNLOCALIZED_RESOURCES_FOLDER_PATH}/IDnowSDKLocalization.bundle",
			);
			runOnlyForDeploymentPostprocessing = 0;
			shellPath = /bin/sh;
			shellScript = "\"${SRCROOT}/Pods/Target Support Files/Pods-VideoIdentApp/Pods-VideoIdentApp-resources.sh\"\n";
			showEnvVarsInLog = 0;
		};
/* End PBXShellScriptBuildPhase section */

/* Begin PBXSourcesBuildPhase section */
		5A69159022CDFECC0031A4CE /* Sources */ = {
			isa = PBXSourcesBuildPhase;
			buildActionMask = 2147483647;
			files = (
				5A69159A22CDFECC0031A4CE /* ViewController.swift in Sources */,
				5A69159822CDFECC0031A4CE /* AppDelegate.swift in Sources */,
			);
			runOnlyForDeploymentPostprocessing = 0;
		};
/* End PBXSourcesBuildPhase section */

/* Begin PBXVariantGroup section */
		5A69159B22CDFECC0031A4CE /* Main.storyboard */ = {
			isa = PBXVariantGroup;
			children = (
				5A69159C22CDFECC0031A4CE /* Base */,
			);
			name = Main.storyboard;
			sourceTree = "<group>";
		};
		5A6915A022CDFECD0031A4CE /* LaunchScreen.storyboard */ = {
			isa = PBXVariantGroup;
			children = (
				5A6915A122CDFECD0031A4CE /* Base */,
			);
			name = LaunchScreen.storyboard;
			sourceTree = "<group>";
		};
/* End PBXVariantGroup section */

/* Begin XCBuildConfiguration section */
		5A6915A422CDFECD0031A4CE /* Debug */ = {
			isa = XCBuildConfiguration;
			buildSettings = {
				ALWAYS_SEARCH_USER_PATHS = NO;
				CLANG_ANALYZER_NONNULL = YES;
				CLANG_ANALYZER_NUMBER_OBJECT_CONVERSION = YES_AGGRESSIVE;
				CLANG_CXX_LANGUAGE_STANDARD = "gnu++14";
				CLANG_CXX_LIBRARY = "libc++";
				CLANG_ENABLE_MODULES = YES;
				CLANG_ENABLE_OBJC_ARC = YES;
				CLANG_ENABLE_OBJC_WEAK = YES;
				CLANG_WARN_BLOCK_CAPTURE_AUTORELEASING = YES;
				CLANG_WARN_BOOL_CONVERSION = YES;
				CLANG_WARN_COMMA = YES;
				CLANG_WARN_CONSTANT_CONVERSION = YES;
				CLANG_WARN_DEPRECATED_OBJC_IMPLEMENTATIONS = YES;
				CLANG_WARN_DIRECT_OBJC_ISA_USAGE = YES_ERROR;
				CLANG_WARN_DOCUMENTATION_COMMENTS = YES;
				CLANG_WARN_EMPTY_BODY = YES;
				CLANG_WARN_ENUM_CONVERSION = YES;
				CLANG_WARN_INFINITE_RECURSION = YES;
				CLANG_WARN_INT_CONVERSION = YES;
				CLANG_WARN_NON_LITERAL_NULL_CONVERSION = YES;
				CLANG_WARN_OBJC_IMPLICIT_RETAIN_SELF = YES;
				CLANG_WARN_OBJC_LITERAL_CONVERSION = YES;
				CLANG_WARN_OBJC_ROOT_CLASS = YES_ERROR;
				CLANG_WARN_RANGE_LOOP_ANALYSIS = YES;
				CLANG_WARN_STRICT_PROTOTYPES = YES;
				CLANG_WARN_SUSPICIOUS_MOVE = YES;
				CLANG_WARN_UNGUARDED_AVAILABILITY = YES_AGGRESSIVE;
				CLANG_WARN_UNREACHABLE_CODE = YES;
				CLANG_WARN__DUPLICATE_METHOD_MATCH = YES;
				CODE_SIGN_IDENTITY = "iPhone Developer";
				COPY_PHASE_STRIP = NO;
				DEBUG_INFORMATION_FORMAT = dwarf;
				ENABLE_STRICT_OBJC_MSGSEND = YES;
				ENABLE_TESTABILITY = YES;
				GCC_C_LANGUAGE_STANDARD = gnu11;
				GCC_DYNAMIC_NO_PIC = NO;
				GCC_NO_COMMON_BLOCKS = YES;
				GCC_OPTIMIZATION_LEVEL = 0;
				GCC_PREPROCESSOR_DEFINITIONS = (
					"DEBUG=1",
					"$(inherited)",
				);
				GCC_WARN_64_TO_32_BIT_CONVERSION = YES;
				GCC_WARN_ABOUT_RETURN_TYPE = YES_ERROR;
				GCC_WARN_UNDECLARED_SELECTOR = YES;
				GCC_WARN_UNINITIALIZED_AUTOS = YES_AGGRESSIVE;
				GCC_WARN_UNUSED_FUNCTION = YES;
				GCC_WARN_UNUSED_VARIABLE = YES;
				IPHONEOS_DEPLOYMENT_TARGET = 12.1;
				MTL_ENABLE_DEBUG_INFO = INCLUDE_SOURCE;
				MTL_FAST_MATH = YES;
				ONLY_ACTIVE_ARCH = YES;
				SDKROOT = iphoneos;
				SWIFT_ACTIVE_COMPILATION_CONDITIONS = DEBUG;
				SWIFT_OPTIMIZATION_LEVEL = "-Onone";
			};
			name = Debug;
		};
		5A6915A522CDFECD0031A4CE /* Release */ = {
			isa = XCBuildConfiguration;
			buildSettings = {
				ALWAYS_SEARCH_USER_PATHS = NO;
				CLANG_ANALYZER_NONNULL = YES;
				CLANG_ANALYZER_NUMBER_OBJECT_CONVERSION = YES_AGGRESSIVE;
				CLANG_CXX_LANGUAGE_STANDARD = "gnu++14";
				CLANG_CXX_LIBRARY = "libc++";
				CLANG_ENABLE_MODULES = YES;
				CLANG_ENABLE_OBJC_ARC = YES;
				CLANG_ENABLE_OBJC_WEAK = YES;
				CLANG_WARN_BLOCK_CAPTURE_AUTORELEASING = YES;
				CLANG_WARN_BOOL_CONVERSION = YES;
				CLANG_WARN_COMMA = YES;
				CLANG_WARN_CONSTANT_CONVERSION = YES;
				CLANG_WARN_DEPRECATED_OBJC_IMPLEMENTATIONS = YES;
				CLANG_WARN_DIRECT_OBJC_ISA_USAGE = YES_ERROR;
				CLANG_WARN_DOCUMENTATION_COMMENTS = YES;
				CLANG_WARN_EMPTY_BODY = YES;
				CLANG_WARN_ENUM_CONVERSION = YES;
				CLANG_WARN_INFINITE_RECURSION = YES;
				CLANG_WARN_INT_CONVERSION = YES;
				CLANG_WARN_NON_LITERAL_NULL_CONVERSION = YES;
				CLANG_WARN_OBJC_IMPLICIT_RETAIN_SELF = YES;
				CLANG_WARN_OBJC_LITERAL_CONVERSION = YES;
				CLANG_WARN_OBJC_ROOT_CLASS = YES_ERROR;
				CLANG_WARN_RANGE_LOOP_ANALYSIS = YES;
				CLANG_WARN_STRICT_PROTOTYPES = YES;
				CLANG_WARN_SUSPICIOUS_MOVE = YES;
				CLANG_WARN_UNGUARDED_AVAILABILITY = YES_AGGRESSIVE;
				CLANG_WARN_UNREACHABLE_CODE = YES;
				CLANG_WARN__DUPLICATE_METHOD_MATCH = YES;
				CODE_SIGN_IDENTITY = "iPhone Developer";
				COPY_PHASE_STRIP = NO;
				DEBUG_INFORMATION_FORMAT = "dwarf-with-dsym";
				ENABLE_NS_ASSERTIONS = NO;
				ENABLE_STRICT_OBJC_MSGSEND = YES;
				GCC_C_LANGUAGE_STANDARD = gnu11;
				GCC_NO_COMMON_BLOCKS = YES;
				GCC_WARN_64_TO_32_BIT_CONVERSION = YES;
				GCC_WARN_ABOUT_RETURN_TYPE = YES_ERROR;
				GCC_WARN_UNDECLARED_SELECTOR = YES;
				GCC_WARN_UNINITIALIZED_AUTOS = YES_AGGRESSIVE;
				GCC_WARN_UNUSED_FUNCTION = YES;
				GCC_WARN_UNUSED_VARIABLE = YES;
				IPHONEOS_DEPLOYMENT_TARGET = 12.1;
				MTL_ENABLE_DEBUG_INFO = NO;
				MTL_FAST_MATH = YES;
				SDKROOT = iphoneos;
				SWIFT_COMPILATION_MODE = wholemodule;
				SWIFT_OPTIMIZATION_LEVEL = "-O";
				VALIDATE_PRODUCT = YES;
			};
			name = Release;
		};
		5A6915A722CDFECD0031A4CE /* Debug */ = {
			isa = XCBuildConfiguration;
			baseConfigurationReference = 3717EA0533F4A67FB1A85F17 /* Pods-VideoIdentApp.debug.xcconfig */;
			buildSettings = {
				ASSETCATALOG_COMPILER_APPICON_NAME = AppIcon;
				CODE_SIGN_STYLE = Automatic;
				DEVELOPMENT_TEAM = 4W3KTRTP73;
				ENABLE_BITCODE = NO;
				INFOPLIST_FILE = VideoIdentApp/Info.plist;
				IPHONEOS_DEPLOYMENT_TARGET = 10.0;
				LD_RUNPATH_SEARCH_PATHS = (
					"$(inherited)",
					"@executable_path/Frameworks",
				);
				PRODUCT_BUNDLE_IDENTIFIER = de.idnow.VideoIdentApp;
				PRODUCT_NAME = "$(TARGET_NAME)";
				SWIFT_VERSION = 4.2;
				TARGETED_DEVICE_FAMILY = "1,2";
			};
			name = Debug;
		};
		5A6915A822CDFECD0031A4CE /* Release */ = {
			isa = XCBuildConfiguration;
			baseConfigurationReference = 38407A0C16493A901B87CE58 /* Pods-VideoIdentApp.release.xcconfig */;
			buildSettings = {
				ASSETCATALOG_COMPILER_APPICON_NAME = AppIcon;
				CODE_SIGN_STYLE = Automatic;
				DEVELOPMENT_TEAM = 4W3KTRTP73;
				ENABLE_BITCODE = NO;
				INFOPLIST_FILE = VideoIdentApp/Info.plist;
				IPHONEOS_DEPLOYMENT_TARGET = 10.0;
				LD_RUNPATH_SEARCH_PATHS = (
					"$(inherited)",
					"@executable_path/Frameworks",
				);
				PRODUCT_BUNDLE_IDENTIFIER = de.idnow.VideoIdentApp;
				PRODUCT_NAME = "$(TARGET_NAME)";
				SWIFT_VERSION = 4.2;
				TARGETED_DEVICE_FAMILY = "1,2";
			};
			name = Release;
		};
/* End XCBuildConfiguration section */

/* Begin XCConfigurationList section */
		5A69158F22CDFECC0031A4CE /* Build configuration list for PBXProject "VideoIdentApp" */ = {
			isa = XCConfigurationList;
			buildConfigurations = (
				5A6915A422CDFECD0031A4CE /* Debug */,
				5A6915A522CDFECD0031A4CE /* Release */,
			);
			defaultConfigurationIsVisible = 0;
			defaultConfigurationName = Release;
		};
		5A6915A622CDFECD0031A4CE /* Build configuration list for PBXNativeTarget "VideoIdentApp" */ = {
			isa = XCConfigurationList;
			buildConfigurations = (
				5A6915A722CDFECD0031A4CE /* Debug */,
				5A6915A822CDFECD0031A4CE /* Release */,
			);
			defaultConfigurationIsVisible = 0;
			defaultConfigurationName = Release;
		};
/* End XCConfigurationList section */
	};
	rootObject = 5A69158C22CDFECC0031A4CE /* Project object */;
}
